
Microsoft Visual Studio Solution File, Format Version 12.00
# Visual Studio 15
VisualStudioVersion = 15.0.27703.2042
MinimumVisualStudioVersion = 10.0.40219.1
Project("{FAE04EC0-301F-11D3-BF4B-00C04F79EFBC}") = "Graubakken Filmsjappe", "Graubakken Filmsjappe\Graubakken Filmsjappe.csproj", "{2E5A76FE-3700-40DD-8203-492920450912}"
	ProjectSection(ProjectDependencies) = postProject
		{EA44AF13-0E31-48D4-AF8A-6D92684F3E53} = {EA44AF13-0E31-48D4-AF8A-6D92684F3E53}
		{650EBC1C-94E2-4A64-B730-616283290907} = {650EBC1C-94E2-4A64-B730-616283290907}
	EndProjectSection
EndProject
Project("{FAE04EC0-301F-11D3-BF4B-00C04F79EFBC}") = "BLL", "BLL\BLL.csproj", "{EA44AF13-0E31-48D4-AF8A-6D92684F3E53}"
	ProjectSection(ProjectDependencies) = postProject
		{650EBC1C-94E2-4A64-B730-616283290907} = {650EBC1C-94E2-4A64-B730-616283290907}
		{2D191750-61B8-4BAD-930F-088F8E01FC26} = {2D191750-61B8-4BAD-930F-088F8E01FC26}
	EndProjectSection
EndProject
Project("{FAE04EC0-301F-11D3-BF4B-00C04F79EFBC}") = "DAL", "DAL\DAL.csproj", "{2D191750-61B8-4BAD-930F-088F8E01FC26}"
	ProjectSection(ProjectDependencies) = postProject
		{650EBC1C-94E2-4A64-B730-616283290907} = {650EBC1C-94E2-4A64-B730-616283290907}
	EndProjectSection
EndProject
Project("{FAE04EC0-301F-11D3-BF4B-00C04F79EFBC}") = "Enhetstest", "Enhetstest\Enhetstest.csproj", "{B94D3A6D-335D-4B0E-A1A4-9158037CE82B}"
	ProjectSection(ProjectDependencies) = postProject
		{EA44AF13-0E31-48D4-AF8A-6D92684F3E53} = {EA44AF13-0E31-48D4-AF8A-6D92684F3E53}
		{650EBC1C-94E2-4A64-B730-616283290907} = {650EBC1C-94E2-4A64-B730-616283290907}
		{2D191750-61B8-4BAD-930F-088F8E01FC26} = {2D191750-61B8-4BAD-930F-088F8E01FC26}
		{2E5A76FE-3700-40DD-8203-492920450912} = {2E5A76FE-3700-40DD-8203-492920450912}
	EndProjectSection
EndProject
Project("{FAE04EC0-301F-11D3-BF4B-00C04F79EFBC}") = "Model", "Model\Model.csproj", "{650EBC1C-94E2-4A64-B730-616283290907}"
EndProject
Global
	GlobalSection(SolutionConfigurationPlatforms) = preSolution
		Debug|Any CPU = Debug|Any CPU
		Release|Any CPU = Release|Any CPU
	EndGlobalSection
	GlobalSection(ProjectConfigurationPlatforms) = postSolution
		{2E5A76FE-3700-40DD-8203-492920450912}.Debug|Any CPU.ActiveCfg = Debug|Any CPU
		{2E5A76FE-3700-40DD-8203-492920450912}.Debug|Any CPU.Build.0 = Debug|Any CPU
		{2E5A76FE-3700-40DD-8203-492920450912}.Release|Any CPU.ActiveCfg = Release|Any CPU
		{2E5A76FE-3700-40DD-8203-492920450912}.Release|Any CPU.Build.0 = Release|Any CPU
		{EA44AF13-0E31-48D4-AF8A-6D92684F3E53}.Debug|Any CPU.ActiveCfg = Debug|Any CPU
		{EA44AF13-0E31-48D4-AF8A-6D92684F3E53}.Debug|Any CPU.Build.0 = Debug|Any CPU
		{EA44AF13-0E31-48D4-AF8A-6D92684F3E53}.Release|Any CPU.ActiveCfg = Release|Any CPU
		{EA44AF13-0E31-48D4-AF8A-6D92684F3E53}.Release|Any CPU.Build.0 = Release|Any CPU
		{2D191750-61B8-4BAD-930F-088F8E01FC26}.Debug|Any CPU.ActiveCfg = Debug|Any CPU
		{2D191750-61B8-4BAD-930F-088F8E01FC26}.Debug|Any CPU.Build.0 = Debug|Any CPU
		{2D191750-61B8-4BAD-930F-088F8E01FC26}.Release|Any CPU.ActiveCfg = Release|Any CPU
		{2D191750-61B8-4BAD-930F-088F8E01FC26}.Release|Any CPU.Build.0 = Release|Any CPU
		{B94D3A6D-335D-4B0E-A1A4-9158037CE82B}.Debug|Any CPU.ActiveCfg = Debug|Any CPU
		{B94D3A6D-335D-4B0E-A1A4-9158037CE82B}.Debug|Any CPU.Build.0 = Debug|Any CPU
		{B94D3A6D-335D-4B0E-A1A4-9158037CE82B}.Release|Any CPU.ActiveCfg = Release|Any CPU
		{B94D3A6D-335D-4B0E-A1A4-9158037CE82B}.Release|Any CPU.Build.0 = Release|Any CPU
		{650EBC1C-94E2-4A64-B730-616283290907}.Debug|Any CPU.ActiveCfg = Debug|Any CPU
		{650EBC1C-94E2-4A64-B730-616283290907}.Debug|Any CPU.Build.0 = Debug|Any CPU
		{650EBC1C-94E2-4A64-B730-616283290907}.Release|Any CPU.ActiveCfg = Release|Any CPU
		{650EBC1C-94E2-4A64-B730-616283290907}.Release|Any CPU.Build.0 = Release|Any CPU
	EndGlobalSection
	GlobalSection(SolutionProperties) = preSolution
		HideSolutionNode = FALSE
	EndGlobalSection
	GlobalSection(ExtensibilityGlobals) = postSolution
		SolutionGuid = {524CC202-640C-4277-9AD6-C33F83E842F0}
	EndGlobalSection
EndGlobal
